
Microsoft Visual Studio Solution File, Format Version 12.00
# Visual Studio Version 17
VisualStudioVersion = 17.0.31903.59
MinimumVisualStudioVersion = 10.0.40219.1
Project("{9A19103F-16F7-4668-BE54-9A1E7A4F7556}") = "ErgastF1ApiServiceCache.Domain", "ErgastF1ApiServiceCache.Domain\ErgastF1ApiServiceCache.Domain.csproj", "{77721250-33F0-4409-8793-79E6D0F6B153}"
EndProject
Project("{9A19103F-16F7-4668-BE54-9A1E7A4F7556}") = "ErgastF1ApiServiceCache.Application", "ErgastF1ApiServiceCache.Application\ErgastF1ApiServiceCache.Application.csproj", "{53DBE50A-4DE9-4062-A0E3-0C9428EF6741}"
EndProject
Project("{9A19103F-16F7-4668-BE54-9A1E7A4F7556}") = "ErgastF1ApiServiceCache.Infrastructure", "ErgastF1ApiServiceCache.Infrastructure\ErgastF1ApiServiceCache.Infrastructure.csproj", "{D95BB945-4D04-4CC2-B24C-65E4350E222F}"
EndProject
Project("{9A19103F-16F7-4668-BE54-9A1E7A4F7556}") = "ErgastF1ApiServiceCache.Presentation", "ErgastF1ApiServiceCache.Presentation\ErgastF1ApiServiceCache.Presentation.csproj", "{5BF80C19-CBD7-4FF0-809E-5A3D00B13B0C}"
EndProject
Project("{9A19103F-16F7-4668-BE54-9A1E7A4F7556}") = "ErgastF1ApiServiceCache.Tests", "ErgastF1ApiServiceCache.Tests\ErgastF1ApiServiceCache.Tests.csproj", "{14B7C09E-41E7-4035-BFF6-7E1C98F7FED9}"
EndProject
Project("{2150E333-8FDC-42A3-9474-1A3956D46DE8}") = "Docker", "Docker", "{8205190E-D688-4656-ABDB-95F8EB307AA7}"
	ProjectSection(SolutionItems) = preProject
		Docker\docker-compose.yml = Docker\docker-compose.yml
	EndProjectSection
EndProject
Project("{2150E333-8FDC-42A3-9474-1A3956D46DE8}") = "src", "src", "{E722AB90-E37E-4348-B52B-0591EA5EB898}"
EndProject
Project("{2150E333-8FDC-42A3-9474-1A3956D46DE8}") = "Application", "Application", "{5D32D19D-ECF7-41F9-9953-547B26DAD7EE}"
EndProject
Project("{2150E333-8FDC-42A3-9474-1A3956D46DE8}") = "Domain", "Domain", "{69E5B9C6-19A3-4C67-9925-A306343ABFB2}"
EndProject
Project("{2150E333-8FDC-42A3-9474-1A3956D46DE8}") = "Infrastructure", "Infrastructure", "{80C50984-4C39-4E95-8F75-143625A6485F}"
EndProject
Project("{2150E333-8FDC-42A3-9474-1A3956D46DE8}") = "Presentation", "Presentation", "{E203F6D8-02FA-4D6D-B185-C40CA21C9F8C}"
EndProject
Project("{2150E333-8FDC-42A3-9474-1A3956D46DE8}") = "Tests", "Tests", "{4654C22D-F938-4EDF-A604-82710868CA5B}"
EndProject
Global
	GlobalSection(SolutionConfigurationPlatforms) = preSolution
		Debug|Any CPU = Debug|Any CPU
		Release|Any CPU = Release|Any CPU
	EndGlobalSection
	GlobalSection(ProjectConfigurationPlatforms) = postSolution
		{77721250-33F0-4409-8793-79E6D0F6B153}.Debug|Any CPU.ActiveCfg = Debug|Any CPU
		{77721250-33F0-4409-8793-79E6D0F6B153}.Debug|Any CPU.Build.0 = Debug|Any CPU
		{77721250-33F0-4409-8793-79E6D0F6B153}.Release|Any CPU.ActiveCfg = Release|Any CPU
		{77721250-33F0-4409-8793-79E6D0F6B153}.Release|Any CPU.Build.0 = Release|Any CPU
		{53DBE50A-4DE9-4062-A0E3-0C9428EF6741}.Debug|Any CPU.ActiveCfg = Debug|Any CPU
		{53DBE50A-4DE9-4062-A0E3-0C9428EF6741}.Debug|Any CPU.Build.0 = Debug|Any CPU
		{53DBE50A-4DE9-4062-A0E3-0C9428EF6741}.Release|Any CPU.ActiveCfg = Release|Any CPU
		{53DBE50A-4DE9-4062-A0E3-0C9428EF6741}.Release|Any CPU.Build.0 = Release|Any CPU
		{D95BB945-4D04-4CC2-B24C-65E4350E222F}.Debug|Any CPU.ActiveCfg = Debug|Any CPU
		{D95BB945-4D04-4CC2-B24C-65E4350E222F}.Debug|Any CPU.Build.0 = Debug|Any CPU
		{D95BB945-4D04-4CC2-B24C-65E4350E222F}.Release|Any CPU.ActiveCfg = Release|Any CPU
		{D95BB945-4D04-4CC2-B24C-65E4350E222F}.Release|Any CPU.Build.0 = Release|Any CPU
		{5BF80C19-CBD7-4FF0-809E-5A3D00B13B0C}.Debug|Any CPU.ActiveCfg = Debug|Any CPU
		{5BF80C19-CBD7-4FF0-809E-5A3D00B13B0C}.Debug|Any CPU.Build.0 = Debug|Any CPU
		{5BF80C19-CBD7-4FF0-809E-5A3D00B13B0C}.Release|Any CPU.ActiveCfg = Release|Any CPU
		{5BF80C19-CBD7-4FF0-809E-5A3D00B13B0C}.Release|Any CPU.Build.0 = Release|Any CPU
		{14B7C09E-41E7-4035-BFF6-7E1C98F7FED9}.Debug|Any CPU.ActiveCfg = Debug|Any CPU
		{14B7C09E-41E7-4035-BFF6-7E1C98F7FED9}.Debug|Any CPU.Build.0 = Debug|Any CPU
		{14B7C09E-41E7-4035-BFF6-7E1C98F7FED9}.Release|Any CPU.ActiveCfg = Release|Any CPU
		{14B7C09E-41E7-4035-BFF6-7E1C98F7FED9}.Release|Any CPU.Build.0 = Release|Any CPU
	EndGlobalSection
	GlobalSection(SolutionProperties) = preSolution
		HideSolutionNode = FALSE
	EndGlobalSection
	GlobalSection(NestedProjects) = preSolution
		{77721250-33F0-4409-8793-79E6D0F6B153} = {69E5B9C6-19A3-4C67-9925-A306343ABFB2}
		{53DBE50A-4DE9-4062-A0E3-0C9428EF6741} = {5D32D19D-ECF7-41F9-9953-547B26DAD7EE}
		{D95BB945-4D04-4CC2-B24C-65E4350E222F} = {80C50984-4C39-4E95-8F75-143625A6485F}
		{5BF80C19-CBD7-4FF0-809E-5A3D00B13B0C} = {E203F6D8-02FA-4D6D-B185-C40CA21C9F8C}
		{14B7C09E-41E7-4035-BFF6-7E1C98F7FED9} = {4654C22D-F938-4EDF-A604-82710868CA5B}
		{5D32D19D-ECF7-41F9-9953-547B26DAD7EE} = {E722AB90-E37E-4348-B52B-0591EA5EB898}
		{69E5B9C6-19A3-4C67-9925-A306343ABFB2} = {E722AB90-E37E-4348-B52B-0591EA5EB898}
		{80C50984-4C39-4E95-8F75-143625A6485F} = {E722AB90-E37E-4348-B52B-0591EA5EB898}
		{E203F6D8-02FA-4D6D-B185-C40CA21C9F8C} = {E722AB90-E37E-4348-B52B-0591EA5EB898}
		{4654C22D-F938-4EDF-A604-82710868CA5B} = {E722AB90-E37E-4348-B52B-0591EA5EB898}
	EndGlobalSection
	GlobalSection(ExtensibilityGlobals) = postSolution
		SolutionGuid = {9CFF3875-4EA6-41EE-8DE1-1B355B784584}
	EndGlobalSection
EndGlobal
